# THIS IS AN AUTOGENERATED FILE. DO NOT EDIT THIS FILE DIRECTLY.
# yarn lockfile v1


assertion-error@1.0.0:
  version "1.0.0"
  resolved "https://registry.yarnpkg.com/assertion-error/-/assertion-error-1.0.0.tgz#c7f85438fdd466bc7ca16ab90c81513797a5d23b"

bindings@~1.1.1:
  version "1.1.1"
  resolved "https://registry.yarnpkg.com/bindings/-/bindings-1.1.1.tgz#951f7ae010302ffc50b265b124032017ed2bf6f3"

chai@~1.7.2:
  version "1.7.2"
  resolved "https://registry.yarnpkg.com/chai/-/chai-1.7.2.tgz#ba07ebd4e1ac138a296cdf69077ce74b7f4a1317"
  dependencies:
    assertion-error "1.0.0"

commander@0.6.1:
  version "0.6.1"
  resolved "https://registry.yarnpkg.com/commander/-/commander-0.6.1.tgz#fa68a14f6a945d54dbbe50d8cdb3320e9e3b1a06"

debug@*:
  version "2.6.8"
  resolved "https://registry.yarnpkg.com/debug/-/debug-2.6.8.tgz#e731531ca2ede27d188222427da17821d68ff4fc"
  dependencies:
    ms "2.0.0"

diff@1.0.2:
  version "1.0.2"
  resolved "https://registry.yarnpkg.com/diff/-/diff-1.0.2.tgz#4ae73f1aee8d6fcf484f1a1ce77ce651d9b7f0c9"

glob@3.2.1:
  version "3.2.1"
  resolved "https://registry.yarnpkg.com/glob/-/glob-3.2.1.tgz#57af70ec73ba2323bfe3f29a067765db64c5d758"
  dependencies:
    graceful-fs "~1.2.0"
    inherits "1"
    minimatch "~0.2.11"

graceful-fs@~1.2.0:
  version "1.2.3"
  resolved "https://registry.yarnpkg.com/graceful-fs/-/graceful-fs-1.2.3.tgz#15a4806a57547cb2d2dbf27f42e89a8c3451b364"

growl@1.7.x:
  version "1.7.0"
  resolved "https://registry.yarnpkg.com/growl/-/growl-1.7.0.tgz#de2d66136d002e112ba70f3f10c31cf7c350b2da"

inherits@1:
  version "1.0.2"
  resolved "https://registry.yarnpkg.com/inherits/-/inherits-1.0.2.tgz#ca4309dadee6b54cc0b8d247e8d7c7a0975bdc9b"

jade@0.26.3:
  version "0.26.3"
  resolved "https://registry.yarnpkg.com/jade/-/jade-0.26.3.tgz#8f10d7977d8d79f2f6ff862a81b0513ccb25686c"
  dependencies:
    commander "0.6.1"
    mkdirp "0.3.0"

lru-cache@2:
  version "2.7.3"
  resolved "https://registry.yarnpkg.com/lru-cache/-/lru-cache-2.7.3.tgz#6d4524e8b955f95d4f5b58851ce21dd72fb4e952"

minimatch@~0.2.11:
  version "0.2.14"
  resolved "https://registry.yarnpkg.com/minimatch/-/minimatch-0.2.14.tgz#c74e780574f63c6f9a090e90efbe6ef53a6a756a"
  dependencies:
    lru-cache "2"
    sigmund "~1.0.0"

mkdirp@0.3.0:
  version "0.3.0"
  resolved "https://registry.yarnpkg.com/mkdirp/-/mkdirp-0.3.0.tgz#1bbf5ab1ba827af23575143490426455f481fe1e"

mkdirp@0.3.5:
  version "0.3.5"
  resolved "https://registry.yarnpkg.com/mkdirp/-/mkdirp-0.3.5.tgz#de3e5f8961c88c787ee1368df849ac4413eca8d7"

mocha@~1.12.0:
  version "1.12.1"
  resolved "https://registry.yarnpkg.com/mocha/-/mocha-1.12.1.tgz#5212e3f5914eef8c0888ae344e6a7dd2e5ac294a"
  dependencies:
    commander "0.6.1"
    debug "*"
    diff "1.0.2"
    glob "3.2.1"
    growl "1.7.x"
    jade "0.26.3"
    mkdirp "0.3.5"

ms@2.0.0:
  version "2.0.0"
  resolved "https://registry.yarnpkg.com/ms/-/ms-2.0.0.tgz#5608aeadfc00be6c2901df5f9861788de0d597c8"

nan@~2.3.2:
  version "2.3.5"
  resolved "https://registry.yarnpkg.com/nan/-/nan-2.3.5.tgz#822a0dc266290ce4cd3a12282ca3e7e364668a08"

sigmund@~1.0.0:
  version "1.0.1"
  resolved "https://registry.yarnpkg.com/sigmund/-/sigmund-1.0.1.tgz#3ff21f198cad2175f9f3b781853fd94d0d19b590"

unix-dgram@0.2.3:
  version "0.2.3"
  resolved "https://registry.yarnpkg.com/unix-dgram/-/unix-dgram-0.2.3.tgz#eab7330f1f1041d48f9c179d9f4c5a996cafceb5"
  dependencies:
    bindings "~1.1.1"
    nan "~2.3.2"
